
Microsoft Visual Studio Solution File, Format Version 12.00
# Visual Studio 14
VisualStudioVersion = 14.0.25123.0
MinimumVisualStudioVersion = 10.0.40219.1
Project("{FAE04EC0-301F-11D3-BF4B-00C04F79EFBC}") = "Emlak Yönetim Otomasyonu", "Emlak Yönetim Otomasyonu\Emlak Yönetim Otomasyonu.csproj", "{AA018B8A-DC1C-4F0B-8152-EA29F4D1B7C4}"
EndProject
Global
	GlobalSection(SolutionConfigurationPlatforms) = preSolution
		Debug|Any CPU = Debug|Any CPU
		Release|Any CPU = Release|Any CPU
	EndGlobalSection
	GlobalSection(ProjectConfigurationPlatforms) = postSolution
		{AA018B8A-DC1C-4F0B-8152-EA29F4D1B7C4}.Debug|Any CPU.ActiveCfg = Debug|Any CPU
		{AA018B8A-DC1C-4F0B-8152-EA29F4D1B7C4}.Debug|Any CPU.Build.0 = Debug|Any CPU
		{AA018B8A-DC1C-4F0B-8152-EA29F4D1B7C4}.Release|Any CPU.ActiveCfg = Release|Any CPU
		{AA018B8A-DC1C-4F0B-8152-EA29F4D1B7C4}.Release|Any CPU.Build.0 = Release|Any CPU
	EndGlobalSection
	GlobalSection(SolutionProperties) = preSolution
		HideSolutionNode = FALSE
	EndGlobalSection
EndGlobal
